
Microsoft Visual Studio Solution File, Format Version 12.00
# Visual Studio Version 17
VisualStudioVersion = 17.5.002.0
MinimumVisualStudioVersion = 10.0.40219.1
Project("{2150E333-8FDC-42A3-9474-1A3956D46DE8}") = "csharp-prep", "csharp-prep", "{5DF431CE-2CC6-40C2-AA2A-F5B2CA21B0CB}"
EndProject
Project("{9A19103F-16F7-4668-BE54-9A1E7A4F7556}") = "Prep1", "csharp-prep\Prep1\Prep1.csproj", "{F8B27345-60DC-41CE-B2F8-1F9AE4937D12}"
EndProject
Project("{9A19103F-16F7-4668-BE54-9A1E7A4F7556}") = "Prep2", "csharp-prep\Prep2\Prep2.csproj", "{7DE5E751-2436-4418-8C75-54497121560D}"
EndProject
Project("{9A19103F-16F7-4668-BE54-9A1E7A4F7556}") = "Prep3", "csharp-prep\Prep3\Prep3.csproj", "{4BF565E8-F989-40CE-BA5B-EF67863301A2}"
EndProject
Project("{9A19103F-16F7-4668-BE54-9A1E7A4F7556}") = "Prep4", "csharp-prep\Prep4\Prep4.csproj", "{DF155161-2EF9-40D5-B3BD-5D157BE18857}"
EndProject
Project("{9A19103F-16F7-4668-BE54-9A1E7A4F7556}") = "Prep5", "csharp-prep\Prep5\Prep5.csproj", "{C6C735AA-85FF-4B6E-ABB1-22E88080EE36}"
EndProject
Project("{2150E333-8FDC-42A3-9474-1A3956D46DE8}") = "final", "final", "{01532739-31C2-49F9-B181-EFBC873EBAE9}"
EndProject
Project("{9A19103F-16F7-4668-BE54-9A1E7A4F7556}") = "FinalProject", "final\FinalProject\FinalProject.csproj", "{25FFB218-03C9-49D9-AB89-EE34ECF94EDA}"
EndProject
Project("{9A19103F-16F7-4668-BE54-9A1E7A4F7556}") = "Foundation1", "final\Foundation1\Foundation1.csproj", "{4B177264-3268-45A8-AFCD-15675BB3AF47}"
EndProject
Project("{9A19103F-16F7-4668-BE54-9A1E7A4F7556}") = "Foundation2", "final\Foundation2\Foundation2.csproj", "{29A5B0F4-D6BE-486F-9116-6E8912E97A85}"
EndProject
Project("{9A19103F-16F7-4668-BE54-9A1E7A4F7556}") = "Foundation3", "final\Foundation3\Foundation3.csproj", "{768F3EA0-0E0D-4787-8C92-F18C0A71E80D}"
EndProject
Project("{9A19103F-16F7-4668-BE54-9A1E7A4F7556}") = "Foundation4", "final\Foundation4\Foundation4.csproj", "{0ACADA02-6AA4-4307-B408-45C32EC7B576}"
EndProject
Project("{2150E333-8FDC-42A3-9474-1A3956D46DE8}") = "prepare", "prepare", "{58255F4A-BC77-4949-BD47-C66954D29958}"
EndProject
Project("{9A19103F-16F7-4668-BE54-9A1E7A4F7556}") = "Learning02", "prepare\Learning02\Learning02.csproj", "{B31DA4BE-2FF2-4E0D-A688-997ACBDA5631}"
EndProject
Project("{9A19103F-16F7-4668-BE54-9A1E7A4F7556}") = "Learning03", "prepare\Learning03\Learning03.csproj", "{5B44F811-7F00-4089-823F-532FE44B6CB2}"
EndProject
Project("{9A19103F-16F7-4668-BE54-9A1E7A4F7556}") = "Learning04", "prepare\Learning04\Learning04.csproj", "{90AA4C89-C637-4952-A431-6F8D39537408}"
EndProject
Project("{9A19103F-16F7-4668-BE54-9A1E7A4F7556}") = "Learning05", "prepare\Learning05\Learning05.csproj", "{69A3B89D-8136-4392-9924-C8D32A6421C5}"
EndProject
Project("{2150E333-8FDC-42A3-9474-1A3956D46DE8}") = "prove", "prove", "{F5470159-7EC7-473C-8F1B-5F924361607C}"
EndProject
Project("{9A19103F-16F7-4668-BE54-9A1E7A4F7556}") = "Develop02", "prove\Develop02\Develop02.csproj", "{471F1D17-419C-4263-80A8-3704E7B5DDE3}"
EndProject
Project("{9A19103F-16F7-4668-BE54-9A1E7A4F7556}") = "Develop03", "prove\Develop03\Develop03.csproj", "{5B0B2A95-80BF-44ED-B727-1C78527F059A}"
EndProject
Project("{9A19103F-16F7-4668-BE54-9A1E7A4F7556}") = "Develop04", "prove\Develop04\Develop04.csproj", "{1F93817B-7C95-4D6E-BB60-75859A5469B3}"
EndProject
Project("{9A19103F-16F7-4668-BE54-9A1E7A4F7556}") = "Develop05", "prove\Develop05\Develop05.csproj", "{8901AB85-EE01-4A58-B3A7-1E637077B900}"
EndProject
Project("{2150E333-8FDC-42A3-9474-1A3956D46DE8}") = "sandbox", "sandbox", "{F90533B6-63B1-4751-B21A-A8147D886D42}"
EndProject
Project("{9A19103F-16F7-4668-BE54-9A1E7A4F7556}") = "Sandbox", "sandbox\Sandbox\Sandbox.csproj", "{562FE030-9F3F-4777-9021-C23DDAE04F51}"
EndProject
Global
	GlobalSection(SolutionConfigurationPlatforms) = preSolution
		Debug|Any CPU = Debug|Any CPU
		Release|Any CPU = Release|Any CPU
	EndGlobalSection
	GlobalSection(ProjectConfigurationPlatforms) = postSolution
		{F8B27345-60DC-41CE-B2F8-1F9AE4937D12}.Debug|Any CPU.ActiveCfg = Debug|Any CPU
		{F8B27345-60DC-41CE-B2F8-1F9AE4937D12}.Debug|Any CPU.Build.0 = Debug|Any CPU
		{F8B27345-60DC-41CE-B2F8-1F9AE4937D12}.Release|Any CPU.ActiveCfg = Release|Any CPU
		{F8B27345-60DC-41CE-B2F8-1F9AE4937D12}.Release|Any CPU.Build.0 = Release|Any CPU
		{7DE5E751-2436-4418-8C75-54497121560D}.Debug|Any CPU.ActiveCfg = Debug|Any CPU
		{7DE5E751-2436-4418-8C75-54497121560D}.Debug|Any CPU.Build.0 = Debug|Any CPU
		{7DE5E751-2436-4418-8C75-54497121560D}.Release|Any CPU.ActiveCfg = Release|Any CPU
		{7DE5E751-2436-4418-8C75-54497121560D}.Release|Any CPU.Build.0 = Release|Any CPU
		{4BF565E8-F989-40CE-BA5B-EF67863301A2}.Debug|Any CPU.ActiveCfg = Debug|Any CPU
		{4BF565E8-F989-40CE-BA5B-EF67863301A2}.Debug|Any CPU.Build.0 = Debug|Any CPU
		{4BF565E8-F989-40CE-BA5B-EF67863301A2}.Release|Any CPU.ActiveCfg = Release|Any CPU
		{4BF565E8-F989-40CE-BA5B-EF67863301A2}.Release|Any CPU.Build.0 = Release|Any CPU
		{DF155161-2EF9-40D5-B3BD-5D157BE18857}.Debug|Any CPU.ActiveCfg = Debug|Any CPU
		{DF155161-2EF9-40D5-B3BD-5D157BE18857}.Debug|Any CPU.Build.0 = Debug|Any CPU
		{DF155161-2EF9-40D5-B3BD-5D157BE18857}.Release|Any CPU.ActiveCfg = Release|Any CPU
		{DF155161-2EF9-40D5-B3BD-5D157BE18857}.Release|Any CPU.Build.0 = Release|Any CPU
		{C6C735AA-85FF-4B6E-ABB1-22E88080EE36}.Debug|Any CPU.ActiveCfg = Debug|Any CPU
		{C6C735AA-85FF-4B6E-ABB1-22E88080EE36}.Debug|Any CPU.Build.0 = Debug|Any CPU
		{C6C735AA-85FF-4B6E-ABB1-22E88080EE36}.Release|Any CPU.ActiveCfg = Release|Any CPU
		{C6C735AA-85FF-4B6E-ABB1-22E88080EE36}.Release|Any CPU.Build.0 = Release|Any CPU
		{25FFB218-03C9-49D9-AB89-EE34ECF94EDA}.Debug|Any CPU.ActiveCfg = Debug|Any CPU
		{25FFB218-03C9-49D9-AB89-EE34ECF94EDA}.Debug|Any CPU.Build.0 = Debug|Any CPU
		{25FFB218-03C9-49D9-AB89-EE34ECF94EDA}.Release|Any CPU.ActiveCfg = Release|Any CPU
		{25FFB218-03C9-49D9-AB89-EE34ECF94EDA}.Release|Any CPU.Build.0 = Release|Any CPU
		{4B177264-3268-45A8-AFCD-15675BB3AF47}.Debug|Any CPU.ActiveCfg = Debug|Any CPU
		{4B177264-3268-45A8-AFCD-15675BB3AF47}.Debug|Any CPU.Build.0 = Debug|Any CPU
		{4B177264-3268-45A8-AFCD-15675BB3AF47}.Release|Any CPU.ActiveCfg = Release|Any CPU
		{4B177264-3268-45A8-AFCD-15675BB3AF47}.Release|Any CPU.Build.0 = Release|Any CPU
		{29A5B0F4-D6BE-486F-9116-6E8912E97A85}.Debug|Any CPU.ActiveCfg = Debug|Any CPU
		{29A5B0F4-D6BE-486F-9116-6E8912E97A85}.Debug|Any CPU.Build.0 = Debug|Any CPU
		{29A5B0F4-D6BE-486F-9116-6E8912E97A85}.Release|Any CPU.ActiveCfg = Release|Any CPU
		{29A5B0F4-D6BE-486F-9116-6E8912E97A85}.Release|Any CPU.Build.0 = Release|Any CPU
		{768F3EA0-0E0D-4787-8C92-F18C0A71E80D}.Debug|Any CPU.ActiveCfg = Debug|Any CPU
		{768F3EA0-0E0D-4787-8C92-F18C0A71E80D}.Debug|Any CPU.Build.0 = Debug|Any CPU
		{768F3EA0-0E0D-4787-8C92-F18C0A71E80D}.Release|Any CPU.ActiveCfg = Release|Any CPU
		{768F3EA0-0E0D-4787-8C92-F18C0A71E80D}.Release|Any CPU.Build.0 = Release|Any CPU
		{0ACADA02-6AA4-4307-B408-45C32EC7B576}.Debug|Any CPU.ActiveCfg = Debug|Any CPU
		{0ACADA02-6AA4-4307-B408-45C32EC7B576}.Debug|Any CPU.Build.0 = Debug|Any CPU
		{0ACADA02-6AA4-4307-B408-45C32EC7B576}.Release|Any CPU.ActiveCfg = Release|Any CPU
		{0ACADA02-6AA4-4307-B408-45C32EC7B576}.Release|Any CPU.Build.0 = Release|Any CPU
		{B31DA4BE-2FF2-4E0D-A688-997ACBDA5631}.Debug|Any CPU.ActiveCfg = Debug|Any CPU
		{B31DA4BE-2FF2-4E0D-A688-997ACBDA5631}.Debug|Any CPU.Build.0 = Debug|Any CPU
		{B31DA4BE-2FF2-4E0D-A688-997ACBDA5631}.Release|Any CPU.ActiveCfg = Release|Any CPU
		{B31DA4BE-2FF2-4E0D-A688-997ACBDA5631}.Release|Any CPU.Build.0 = Release|Any CPU
		{5B44F811-7F00-4089-823F-532FE44B6CB2}.Debug|Any CPU.ActiveCfg = Debug|Any CPU
		{5B44F811-7F00-4089-823F-532FE44B6CB2}.Debug|Any CPU.Build.0 = Debug|Any CPU
		{5B44F811-7F00-4089-823F-532FE44B6CB2}.Release|Any CPU.ActiveCfg = Release|Any CPU
		{5B44F811-7F00-4089-823F-532FE44B6CB2}.Release|Any CPU.Build.0 = Release|Any CPU
		{90AA4C89-C637-4952-A431-6F8D39537408}.Debug|Any CPU.ActiveCfg = Debug|Any CPU
		{90AA4C89-C637-4952-A431-6F8D39537408}.Debug|Any CPU.Build.0 = Debug|Any CPU
		{90AA4C89-C637-4952-A431-6F8D39537408}.Release|Any CPU.ActiveCfg = Release|Any CPU
		{90AA4C89-C637-4952-A431-6F8D39537408}.Release|Any CPU.Build.0 = Release|Any CPU
		{69A3B89D-8136-4392-9924-C8D32A6421C5}.Debug|Any CPU.ActiveCfg = Debug|Any CPU
		{69A3B89D-8136-4392-9924-C8D32A6421C5}.Debug|Any CPU.Build.0 = Debug|Any CPU
		{69A3B89D-8136-4392-9924-C8D32A6421C5}.Release|Any CPU.ActiveCfg = Release|Any CPU
		{69A3B89D-8136-4392-9924-C8D32A6421C5}.Release|Any CPU.Build.0 = Release|Any CPU
		{471F1D17-419C-4263-80A8-3704E7B5DDE3}.Debug|Any CPU.ActiveCfg = Debug|Any CPU
		{471F1D17-419C-4263-80A8-3704E7B5DDE3}.Debug|Any CPU.Build.0 = Debug|Any CPU
		{471F1D17-419C-4263-80A8-3704E7B5DDE3}.Release|Any CPU.ActiveCfg = Release|Any CPU
		{471F1D17-419C-4263-80A8-3704E7B5DDE3}.Release|Any CPU.Build.0 = Release|Any CPU
		{5B0B2A95-80BF-44ED-B727-1C78527F059A}.Debug|Any CPU.ActiveCfg = Debug|Any CPU
		{5B0B2A95-80BF-44ED-B727-1C78527F059A}.Debug|Any CPU.Build.0 = Debug|Any CPU
		{5B0B2A95-80BF-44ED-B727-1C78527F059A}.Release|Any CPU.ActiveCfg = Release|Any CPU
		{5B0B2A95-80BF-44ED-B727-1C78527F059A}.Release|Any CPU.Build.0 = Release|Any CPU
		{1F93817B-7C95-4D6E-BB60-75859A5469B3}.Debug|Any CPU.ActiveCfg = Debug|Any CPU
		{1F93817B-7C95-4D6E-BB60-75859A5469B3}.Debug|Any CPU.Build.0 = Debug|Any CPU
		{1F93817B-7C95-4D6E-BB60-75859A5469B3}.Release|Any CPU.ActiveCfg = Release|Any CPU
		{1F93817B-7C95-4D6E-BB60-75859A5469B3}.Release|Any CPU.Build.0 = Release|Any CPU
		{8901AB85-EE01-4A58-B3A7-1E637077B900}.Debug|Any CPU.ActiveCfg = Debug|Any CPU
		{8901AB85-EE01-4A58-B3A7-1E637077B900}.Debug|Any CPU.Build.0 = Debug|Any CPU
		{8901AB85-EE01-4A58-B3A7-1E637077B900}.Release|Any CPU.ActiveCfg = Release|Any CPU
		{8901AB85-EE01-4A58-B3A7-1E637077B900}.Release|Any CPU.Build.0 = Release|Any CPU
		{562FE030-9F3F-4777-9021-C23DDAE04F51}.Debug|Any CPU.ActiveCfg = Debug|Any CPU
		{562FE030-9F3F-4777-9021-C23DDAE04F51}.Debug|Any CPU.Build.0 = Debug|Any CPU
		{562FE030-9F3F-4777-9021-C23DDAE04F51}.Release|Any CPU.ActiveCfg = Release|Any CPU
		{562FE030-9F3F-4777-9021-C23DDAE04F51}.Release|Any CPU.Build.0 = Release|Any CPU
	EndGlobalSection
	GlobalSection(SolutionProperties) = preSolution
		HideSolutionNode = FALSE
	EndGlobalSection
	GlobalSection(NestedProjects) = preSolution
		{F8B27345-60DC-41CE-B2F8-1F9AE4937D12} = {5DF431CE-2CC6-40C2-AA2A-F5B2CA21B0CB}
		{7DE5E751-2436-4418-8C75-54497121560D} = {5DF431CE-2CC6-40C2-AA2A-F5B2CA21B0CB}
		{4BF565E8-F989-40CE-BA5B-EF67863301A2} = {5DF431CE-2CC6-40C2-AA2A-F5B2CA21B0CB}
		{DF155161-2EF9-40D5-B3BD-5D157BE18857} = {5DF431CE-2CC6-40C2-AA2A-F5B2CA21B0CB}
		{C6C735AA-85FF-4B6E-ABB1-22E88080EE36} = {5DF431CE-2CC6-40C2-AA2A-F5B2CA21B0CB}
		{25FFB218-03C9-49D9-AB89-EE34ECF94EDA} = {01532739-31C2-49F9-B181-EFBC873EBAE9}
		{4B177264-3268-45A8-AFCD-15675BB3AF47} = {01532739-31C2-49F9-B181-EFBC873EBAE9}
		{29A5B0F4-D6BE-486F-9116-6E8912E97A85} = {01532739-31C2-49F9-B181-EFBC873EBAE9}
		{768F3EA0-0E0D-4787-8C92-F18C0A71E80D} = {01532739-31C2-49F9-B181-EFBC873EBAE9}
		{0ACADA02-6AA4-4307-B408-45C32EC7B576} = {01532739-31C2-49F9-B181-EFBC873EBAE9}
		{B31DA4BE-2FF2-4E0D-A688-997ACBDA5631} = {58255F4A-BC77-4949-BD47-C66954D29958}
		{5B44F811-7F00-4089-823F-532FE44B6CB2} = {58255F4A-BC77-4949-BD47-C66954D29958}
		{90AA4C89-C637-4952-A431-6F8D39537408} = {58255F4A-BC77-4949-BD47-C66954D29958}
		{69A3B89D-8136-4392-9924-C8D32A6421C5} = {58255F4A-BC77-4949-BD47-C66954D29958}
		{471F1D17-419C-4263-80A8-3704E7B5DDE3} = {F5470159-7EC7-473C-8F1B-5F924361607C}
		{5B0B2A95-80BF-44ED-B727-1C78527F059A} = {F5470159-7EC7-473C-8F1B-5F924361607C}
		{1F93817B-7C95-4D6E-BB60-75859A5469B3} = {F5470159-7EC7-473C-8F1B-5F924361607C}
		{8901AB85-EE01-4A58-B3A7-1E637077B900} = {F5470159-7EC7-473C-8F1B-5F924361607C}
		{562FE030-9F3F-4777-9021-C23DDAE04F51} = {F90533B6-63B1-4751-B21A-A8147D886D42}
	EndGlobalSection
	GlobalSection(ExtensibilityGlobals) = postSolution
		SolutionGuid = {403CE136-951C-4855-95B1-976E8100AB0A}
	EndGlobalSection
EndGlobal
